
Microsoft Visual Studio Solution File, Format Version 12.00
# Visual Studio Version 16
VisualStudioVersion = 16.0.30406.217
MinimumVisualStudioVersion = 10.0.40219.1
Project("{FAE04EC0-301F-11D3-BF4B-00C04F79EFBC}") = "ConsoleApp1", "ConsoleApp1\ConsoleApp1.csproj", "{9B3F6D89-D09B-428D-81AD-33742D8656D0}"
EndProject
Project("{FAE04EC0-301F-11D3-BF4B-00C04F79EFBC}") = "CommonDividor", "CommonDividor\CommonDividor.csproj", "{59FEB043-1F2A-41E8-A81A-72C3FF0D735B}"
EndProject
Global
	GlobalSection(SolutionConfigurationPlatforms) = preSolution
		Debug|Any CPU = Debug|Any CPU
		Release|Any CPU = Release|Any CPU
	EndGlobalSection
	GlobalSection(ProjectConfigurationPlatforms) = postSolution
		{9B3F6D89-D09B-428D-81AD-33742D8656D0}.Debug|Any CPU.ActiveCfg = Debug|Any CPU
		{9B3F6D89-D09B-428D-81AD-33742D8656D0}.Debug|Any CPU.Build.0 = Debug|Any CPU
		{9B3F6D89-D09B-428D-81AD-33742D8656D0}.Release|Any CPU.ActiveCfg = Release|Any CPU
		{9B3F6D89-D09B-428D-81AD-33742D8656D0}.Release|Any CPU.Build.0 = Release|Any CPU
		{59FEB043-1F2A-41E8-A81A-72C3FF0D735B}.Debug|Any CPU.ActiveCfg = Debug|Any CPU
		{59FEB043-1F2A-41E8-A81A-72C3FF0D735B}.Debug|Any CPU.Build.0 = Debug|Any CPU
		{59FEB043-1F2A-41E8-A81A-72C3FF0D735B}.Release|Any CPU.ActiveCfg = Release|Any CPU
		{59FEB043-1F2A-41E8-A81A-72C3FF0D735B}.Release|Any CPU.Build.0 = Release|Any CPU
	EndGlobalSection
	GlobalSection(SolutionProperties) = preSolution
		HideSolutionNode = FALSE
	EndGlobalSection
	GlobalSection(ExtensibilityGlobals) = postSolution
		SolutionGuid = {964C7913-A6C4-4663-8947-90E202E17BE9}
	EndGlobalSection
EndGlobal
